
Microsoft Visual Studio Solution File, Format Version 12.00
# Visual Studio Version 17
VisualStudioVersion = 17.11.35303.130
MinimumVisualStudioVersion = 10.0.40219.1
Project("{9A19103F-16F7-4668-BE54-9A1E7A4F7556}") = "OrderProcessing", "OrderProcessing\OrderProcessing.csproj", "{973BA221-A364-48C0-ABEB-EDE03B8FFE0B}"
EndProject
Global
	GlobalSection(SolutionConfigurationPlatforms) = preSolution
		Debug|Any CPU = Debug|Any CPU
		Release|Any CPU = Release|Any CPU
	EndGlobalSection
	GlobalSection(ProjectConfigurationPlatforms) = postSolution
		{973BA221-A364-48C0-ABEB-EDE03B8FFE0B}.Debug|Any CPU.ActiveCfg = Debug|Any CPU
		{973BA221-A364-48C0-ABEB-EDE03B8FFE0B}.Debug|Any CPU.Build.0 = Debug|Any CPU
		{973BA221-A364-48C0-ABEB-EDE03B8FFE0B}.Release|Any CPU.ActiveCfg = Release|Any CPU
		{973BA221-A364-48C0-ABEB-EDE03B8FFE0B}.Release|Any CPU.Build.0 = Release|Any CPU
	EndGlobalSection
	GlobalSection(SolutionProperties) = preSolution
		HideSolutionNode = FALSE
	EndGlobalSection
	GlobalSection(ExtensibilityGlobals) = postSolution
		SolutionGuid = {AC5A2FC8-1A06-4080-A76B-789806D67DF3}
	EndGlobalSection
EndGlobal
